
Microsoft Visual Studio Solution File, Format Version 12.00
# Visual Studio Version 17
VisualStudioVersion = 17.6.33801.468
MinimumVisualStudioVersion = 10.0.40219.1
Project("{FAE04EC0-301F-11D3-BF4B-00C04F79EFBC}") = "MasonCrypt", "MasonCrypt\MasonCrypt.csproj", "{F66F4D41-35FB-4CFF-A3F7-87033564CD9B}"
EndProject
Global
	GlobalSection(SolutionConfigurationPlatforms) = preSolution
		Debug|Any CPU = Debug|Any CPU
		Release|Any CPU = Release|Any CPU
	EndGlobalSection
	GlobalSection(ProjectConfigurationPlatforms) = postSolution
		{F66F4D41-35FB-4CFF-A3F7-87033564CD9B}.Debug|Any CPU.ActiveCfg = Debug|Any CPU
		{F66F4D41-35FB-4CFF-A3F7-87033564CD9B}.Debug|Any CPU.Build.0 = Debug|Any CPU
		{F66F4D41-35FB-4CFF-A3F7-87033564CD9B}.Release|Any CPU.ActiveCfg = Release|Any CPU
		{F66F4D41-35FB-4CFF-A3F7-87033564CD9B}.Release|Any CPU.Build.0 = Release|Any CPU
	EndGlobalSection
	GlobalSection(SolutionProperties) = preSolution
		HideSolutionNode = FALSE
	EndGlobalSection
	GlobalSection(ExtensibilityGlobals) = postSolution
		SolutionGuid = {0AF6C591-52AE-4A4B-A5E2-20CCC46B7774}
	EndGlobalSection
EndGlobal
